// !$*UTF8*$!
{
	archiveVersion = 1;
	classes = {
	};
	objectVersion = 46;
	objects = {

/* Begin PBXBuildFile section */
		D6269F9A19F465EF00BE7A30 /* AppDelegate.swift in Sources */ = {isa = PBXBuildFile; fileRef = D6269F9919F465EF00BE7A30 /* AppDelegate.swift */; };
		D6269F9C19F465EF00BE7A30 /* ViewController.swift in Sources */ = {isa = PBXBuildFile; fileRef = D6269F9B19F465EF00BE7A30 /* ViewController.swift */; };
		D6269F9F19F465EF00BE7A30 /* Main.storyboard in Resources */ = {isa = PBXBuildFile; fileRef = D6269F9D19F465EF00BE7A30 /* Main.storyboard */; };
		D6269FA119F465EF00BE7A30 /* Images.xcassets in Resources */ = {isa = PBXBuildFile; fileRef = D6269FA019F465EF00BE7A30 /* Images.xcassets */; };
		D6269FA419F465EF00BE7A30 /* LaunchScreen.xib in Resources */ = {isa = PBXBuildFile; fileRef = D6269FA219F465EF00BE7A30 /* LaunchScreen.xib */; };
		D6269FB019F465EF00BE7A30 /* CallMomTests.swift in Sources */ = {isa = PBXBuildFile; fileRef = D6269FAF19F465EF00BE7A30 /* CallMomTests.swift */; };
/* End PBXBuildFile section */

/* Begin PBXContainerItemProxy section */
		D6269FAA19F465EF00BE7A30 /* PBXContainerItemProxy */ = {
			isa = PBXContainerItemProxy;
			containerPortal = D6269F8C19F465EF00BE7A30 /* Project object */;
			proxyType = 1;
			remoteGlobalIDString = D6269F9319F465EF00BE7A30;
			remoteInfo = CallMom;
		};
/* End PBXContainerItemProxy section */

/* Begin PBXFileReference section */
		D6269F9419F465EF00BE7A30 /* CallMom.app */ = {isa = PBXFileReference; explicitFileType = wrapper.application; includeInIndex = 0; path = CallMom.app; sourceTree = BUILT_PRODUCTS_DIR; };
		D6269F9819F465EF00BE7A30 /* Info.plist */ = {isa = PBXFileReference; lastKnownFileType = text.plist.xml; path = Info.plist; sourceTree = "<group>"; };
		D6269F9919F465EF00BE7A30 /* AppDelegate.swift */ = {isa = PBXFileReference; lastKnownFileType = sourcecode.swift; path = AppDelegate.swift; sourceTree = "<group>"; };
		D6269F9B19F465EF00BE7A30 /* ViewController.swift */ = {isa = PBXFileReference; lastKnownFileType = sourcecode.swift; path = ViewController.swift; sourceTree = "<group>"; };
		D6269F9E19F465EF00BE7A30 /* Base */ = {isa = PBXFileReference; lastKnownFileType = file.storyboard; name = Base; path = Base.lproj/Main.storyboard; sourceTree = "<group>"; };
		D6269FA019F465EF00BE7A30 /* Images.xcassets */ = {isa = PBXFileReference; lastKnownFileType = folder.assetcatalog; path = Images.xcassets; sourceTree = "<group>"; };
		D6269FA319F465EF00BE7A30 /* Base */ = {isa = PBXFileReference; lastKnownFileType = file.xib; name = Base; path = Base.lproj/LaunchScreen.xib; sourceTree = "<group>"; };
		D6269FA919F465EF00BE7A30 /* CallMomTests.xctest */ = {isa = PBXFileReference; explicitFileType = wrapper.cfbundle; includeInIndex = 0; path = CallMomTests.xctest; sourceTree = BUILT_PRODUCTS_DIR; };
		D6269FAE19F465EF00BE7A30 /* Info.plist */ = {isa = PBXFileReference; lastKnownFileType = text.plist.xml; path = Info.plist; sourceTree = "<group>"; };
		D6269FAF19F465EF00BE7A30 /* CallMomTests.swift */ = {isa = PBXFileReference; lastKnownFileType = sourcecode.swift; path = CallMomTests.swift; sourceTree = "<group>"; };
/* End PBXFileReference section */

/* Begin PBXFrameworksBuildPhase section */
		D6269F9119F465EF00BE7A30 /* Frameworks */ = {
			isa = PBXFrameworksBuildPhase;
			buildActionMask = 2147483647;
			files = (
			);
			runOnlyForDeploymentPostprocessing = 0;
		};
		D6269FA619F465EF00BE7A30 /* Frameworks */ = {
			isa = PBXFrameworksBuildPhase;
			buildActionMask = 2147483647;
			files = (
			);
			runOnlyForDeploymentPostprocessing = 0;
		};
/* End PBXFrameworksBuildPhase section */

/* Begin PBXGroup section */
		D6269F8B19F465EF00BE7A30 = {
			isa = PBXGroup;
			children = (
				D6269F9619F465EF00BE7A30 /* CallMom */,
				D6269FAC19F465EF00BE7A30 /* CallMomTests */,
				D6269F9519F465EF00BE7A30 /* Products */,
			);
			sourceTree = "<group>";
		};
		D6269F9519F465EF00BE7A30 /* Products */ = {
			isa = PBXGroup;
			children = (
				D6269F9419F465EF00BE7A30 /* CallMom.app */,
				D6269FA919F465EF00BE7A30 /* CallMomTests.xctest */,
			);
			name = Products;
			sourceTree = "<group>";
		};
		D6269F9619F465EF00BE7A30 /* CallMom */ = {
			isa = PBXGroup;
			children = (
				D6269F9919F465EF00BE7A30 /* AppDelegate.swift */,
				D6269F9B19F465EF00BE7A30 /* ViewController.swift */,
				D6269F9D19F465EF00BE7A30 /* Main.storyboard */,
				D6269FA019F465EF00BE7A30 /* Images.xcassets */,
				D6269FA219F465EF00BE7A30 /* LaunchScreen.xib */,
				D6269F9719F465EF00BE7A30 /* Supporting Files */,
			);
			path = CallMom;
			sourceTree = "<group>";
		};
		D6269F9719F465EF00BE7A30 /* Supporting Files */ = {
			isa = PBXGroup;
			children = (
				D6269F9819F465EF00BE7A30 /* Info.plist */,
			);
			name = "Supporting Files";
			sourceTree = "<group>";
		};
		D6269FAC19F465EF00BE7A30 /* CallMomTests */ = {
			isa = PBXGroup;
			children = (
				D6269FAF19F465EF00BE7A30 /* CallMomTests.swift */,
				D6269FAD19F465EF00BE7A30 /* Supporting Files */,
			);
			path = CallMomTests;
			sourceTree = "<group>";
		};
		D6269FAD19F465EF00BE7A30 /* Supporting Files */ = {
			isa = PBXGroup;
			children = (
				D6269FAE19F465EF00BE7A30 /* Info.plist */,
			);
			name = "Supporting Files";
			sourceTree = "<group>";
		};
/* End PBXGroup section */

/* Begin PBXNativeTarget section */
		D6269F9319F465EF00BE7A30 /* CallMom */ = {
			isa = PBXNativeTarget;
			buildConfigurationList = D6269FB319F465EF00BE7A30 /* Build configuration list for PBXNativeTarget "CallMom" */;
			buildPhases = (
				D6269F9019F465EF00BE7A30 /* Sources */,
				D6269F9119F465EF00BE7A30 /* Frameworks */,
				D6269F9219F465EF00BE7A30 /* Resources */,
			);
			buildRules = (
			);
			dependencies = (
			);
			name = CallMom;
			productName = CallMom;
			productReference = D6269F9419F465EF00BE7A30 /* CallMom.app */;
			productType = "com.apple.product-type.application";
		};
		D6269FA819F465EF00BE7A30 /* CallMomTests */ = {
			isa = PBXNativeTarget;
			buildConfigurationList = D6269FB619F465EF00BE7A30 /* Build configuration list for PBXNativeTarget "CallMomTests" */;
			buildPhases = (
				D6269FA519F465EF00BE7A30 /* Sources */,
				D6269FA619F465EF00BE7A30 /* Frameworks */,
				D6269FA719F465EF00BE7A30 /* Resources */,
			);
			buildRules = (
			);
			dependencies = (
				D6269FAB19F465EF00BE7A30 /* PBXTargetDependency */,
			);
			name = CallMomTests;
			productName = CallMomTests;
			productReference = D6269FA919F465EF00BE7A30 /* CallMomTests.xctest */;
			productType = "com.apple.product-type.bundle.unit-test";
		};
/* End PBXNativeTarget section */

/* Begin PBXProject section */
		D6269F8C19F465EF00BE7A30 /* Project object */ = {
			isa = PBXProject;
			attributes = {
				LastUpgradeCheck = 0610;
				ORGANIZATIONNAME = "tech beach";
				TargetAttributes = {
					D6269F9319F465EF00BE7A30 = {
						CreatedOnToolsVersion = 6.1;
					};
					D6269FA819F465EF00BE7A30 = {
						CreatedOnToolsVersion = 6.1;
						TestTargetID = D6269F9319F465EF00BE7A30;
					};
				};
			};
			buildConfigurationList = D6269F8F19F465EF00BE7A30 /* Build configuration list for PBXProject "CallMom" */;
			compatibilityVersion = "Xcode 3.2";
			developmentRegion = English;
			hasScannedForEncodings = 0;
			knownRegions = (
				en,
				Base,
			);
			mainGroup = D6269F8B19F465EF00BE7A30;
			productRefGroup = D6269F9519F465EF00BE7A30 /* Products */;
			projectDirPath = "";
			projectRoot = "";
			targets = (
				D6269F9319F465EF00BE7A30 /* CallMom */,
				D6269FA819F465EF00BE7A30 /* CallMomTests */,
			);
		};
/* End PBXProject section */

/* Begin PBXResourcesBuildPhase section */
		D6269F9219F465EF00BE7A30 /* Resources */ = {
			isa = PBXResourcesBuildPhase;
			buildActionMask = 2147483647;
			files = (
				D6269F9F19F465EF00BE7A30 /* Main.storyboard in Resources */,
				D6269FA419F465EF00BE7A30 /* LaunchScreen.xib in Resources */,
				D6269FA119F465EF00BE7A30 /* Images.xcassets in Resources */,
			);
			runOnlyForDeploymentPostprocessing = 0;
		};
		D6269FA719F465EF00BE7A30 /* Resources */ = {
			isa = PBXResourcesBuildPhase;
			buildActionMask = 2147483647;
			files = (
			);
			runOnlyForDeploymentPostprocessing = 0;
		};
/* End PBXResourcesBuildPhase section */

/* Begin PBXSourcesBuildPhase section */
		D6269F9019F465EF00BE7A30 /* Sources */ = {
			isa = PBXSourcesBuildPhase;
			buildActionMask = 2147483647;
			files = (
				D6269F9C19F465EF00BE7A30 /* ViewController.swift in Sources */,
				D6269F9A19F465EF00BE7A30 /* AppDelegate.swift in Sources */,
			);
			runOnlyForDeploymentPostprocessing = 0;
		};
		D6269FA519F465EF00BE7A30 /* Sources */ = {
			isa = PBXSourcesBuildPhase;
			buildActionMask = 2147483647;
			files = (
				D6269FB019F465EF00BE7A30 /* CallMomTests.swift in Sources */,
			);
			runOnlyForDeploymentPostprocessing = 0;
		};
/* End PBXSourcesBuildPhase section */

/* Begin PBXTargetDependency section */
		D6269FAB19F465EF00BE7A30 /* PBXTargetDependency */ = {
			isa = PBXTargetDependency;
			target = D6269F9319F465EF00BE7A30 /* CallMom */;
			targetProxy = D6269FAA19F465EF00BE7A30 /* PBXContainerItemProxy */;
		};
/* End PBXTargetDependency section */

/* Begin PBXVariantGroup section */
		D6269F9D19F465EF00BE7A30 /* Main.storyboard */ = {
			isa = PBXVariantGroup;
			children = (
				D6269F9E19F465EF00BE7A30 /* Base */,
			);
			name = Main.storyboard;
			sourceTree = "<group>";
		};
		D6269FA219F465EF00BE7A30 /* LaunchScreen.xib */ = {
			isa = PBXVariantGroup;
			children = (
				D6269FA319F465EF00BE7A30 /* Base */,
			);
			name = LaunchScreen.xib;
			sourceTree = "<group>";
		};
/* End PBXVariantGroup section */

/* Begin XCBuildConfiguration section */
		D6269FB119F465EF00BE7A30 /* Debug */ = {
			isa = XCBuildConfiguration;
			buildSettings = {
				ALWAYS_SEARCH_USER_PATHS = NO;
				CLANG_CXX_LANGUAGE_STANDARD = "gnu++0x";
				CLANG_CXX_LIBRARY = "libc++";
				CLANG_ENABLE_MODULES = YES;
				CLANG_ENABLE_OBJC_ARC = YES;
				CLANG_WARN_BOOL_CONVERSION = YES;
				CLANG_WARN_CONSTANT_CONVERSION = YES;
				CLANG_WARN_DIRECT_OBJC_ISA_USAGE = YES_ERROR;
				CLANG_WARN_EMPTY_BODY = YES;
				CLANG_WARN_ENUM_CONVERSION = YES;
				CLANG_WARN_INT_CONVERSION = YES;
				CLANG_WARN_OBJC_ROOT_CLASS = YES_ERROR;
				CLANG_WARN_UNREACHABLE_CODE = YES;
				CLANG_WARN__DUPLICATE_METHOD_MATCH = YES;
				"CODE_SIGN_IDENTITY[sdk=iphoneos*]" = "iPhone Developer";
				COPY_PHASE_STRIP = NO;
				ENABLE_STRICT_OBJC_MSGSEND = YES;
				GCC_C_LANGUAGE_STANDARD = gnu99;
				GCC_DYNAMIC_NO_PIC = NO;
				GCC_OPTIMIZATION_LEVEL = 0;
				GCC_PREPROCESSOR_DEFINITIONS = (
					"DEBUG=1",
					"$(inherited)",
				);
				GCC_SYMBOLS_PRIVATE_EXTERN = NO;
				GCC_WARN_64_TO_32_BIT_CONVERSION = YES;
				GCC_WARN_ABOUT_RETURN_TYPE = YES_ERROR;
				GCC_WARN_UNDECLARED_SELECTOR = YES;
				GCC_WARN_UNINITIALIZED_AUTOS = YES_AGGRESSIVE;
				GCC_WARN_UNUSED_FUNCTION = YES;
				GCC_WARN_UNUSED_VARIABLE = YES;
				IPHONEOS_DEPLOYMENT_TARGET = 8.1;
				MTL_ENABLE_DEBUG_INFO = YES;
				ONLY_ACTIVE_ARCH = YES;
				SDKROOT = iphoneos;
				SWIFT_OPTIMIZATION_LEVEL = "-Onone";
			};
			name = Debug;
		};
		D6269FB219F465EF00BE7A30 /* Release */ = {
			isa = XCBuildConfiguration;
			buildSettings = {
				ALWAYS_SEARCH_USER_PATHS = NO;
				CLANG_CXX_LANGUAGE_STANDARD = "gnu++0x";
				CLANG_CXX_LIBRARY = "libc++";
				CLANG_ENABLE_MODULES = YES;
				CLANG_ENABLE_OBJC_ARC = YES;
				CLANG_WARN_BOOL_CONVERSION = YES;
				CLANG_WARN_CONSTANT_CONVERSION = YES;
				CLANG_WARN_DIRECT_OBJC_ISA_USAGE = YES_ERROR;
				CLANG_WARN_EMPTY_BODY = YES;
				CLANG_WARN_ENUM_CONVERSION = YES;
				CLANG_WARN_INT_CONVERSION = YES;
				CLANG_WARN_OBJC_ROOT_CLASS = YES_ERROR;
				CLANG_WARN_UNREACHABLE_CODE = YES;
				CLANG_WARN__DUPLICATE_METHOD_MATCH = YES;
				"CODE_SIGN_IDENTITY[sdk=iphoneos*]" = "iPhone Developer";
				COPY_PHASE_STRIP = YES;
				ENABLE_NS_ASSERTIONS = NO;
				ENABLE_STRICT_OBJC_MSGSEND = YES;
				GCC_C_LANGUAGE_STANDARD = gnu99;
				GCC_WARN_64_TO_32_BIT_CONVERSION = YES;
				GCC_WARN_ABOUT_RETURN_TYPE = YES_ERROR;
				GCC_WARN_UNDECLARED_SELECTOR = YES;
				GCC_WARN_UNINITIALIZED_AUTOS = YES_AGGRESSIVE;
				GCC_WARN_UNUSED_FUNCTION = YES;
				GCC_WARN_UNUSED_VARIABLE = YES;
				IPHONEOS_DEPLOYMENT_TARGET = 8.1;
				MTL_ENABLE_DEBUG_INFO = NO;
				SDKROOT = iphoneos;
				VALIDATE_PRODUCT = YES;
			};
			name = Release;
		};
		D6269FB419F465EF00BE7A30 /* Debug */ = {
			isa = XCBuildConfiguration;
			buildSettings = {
				ASSETCATALOG_COMPILER_APPICON_NAME = AppIcon;
				INFOPLIST_FILE = CallMom/Info.plist;
				LD_RUNPATH_SEARCH_PATHS = "$(inherited) @executable_path/Frameworks";
				PRODUCT_NAME = "$(TARGET_NAME)";
			};
			name = Debug;
		};
		D6269FB519F465EF00BE7A30 /* Release */ = {
			isa = XCBuildConfiguration;
			buildSettings = {
				ASSETCATALOG_COMPILER_APPICON_NAME = AppIcon;
				INFOPLIST_FILE = CallMom/Info.plist;
				LD_RUNPATH_SEARCH_PATHS = "$(inherited) @executable_path/Frameworks";
				PRODUCT_NAME = "$(TARGET_NAME)";
			};
			name = Release;
		};
		D6269FB719F465EF00BE7A30 /* Debug */ = {
			isa = XCBuildConfiguration;
			buildSettings = {
				BUNDLE_LOADER = "$(TEST_HOST)";
				FRAMEWORK_SEARCH_PATHS = (
					"$(SDKROOT)/Developer/Library/Frameworks",
					"$(inherited)",
				);
				GCC_PREPROCESSOR_DEFINITIONS = (
					"DEBUG=1",
					"$(inherited)",
				);
				INFOPLIST_FILE = CallMomTests/Info.plist;
				LD_RUNPATH_SEARCH_PATHS = "$(inherited) @executable_path/Frameworks @loader_path/Frameworks";
				PRODUCT_NAME = "$(TARGET_NAME)";
				TEST_HOST = "$(BUILT_PRODUCTS_DIR)/CallMom.app/CallMom";
			};
			name = Debug;
		};
		D6269FB819F465EF00BE7A30 /* Release */ = {
			isa = XCBuildConfiguration;
			buildSettings = {
				BUNDLE_LOADER = "$(TEST_HOST)";
				FRAMEWORK_SEARCH_PATHS = (
					"$(SDKROOT)/Developer/Library/Frameworks",
					"$(inherited)",
				);
				INFOPLIST_FILE = CallMomTests/Info.plist;
				LD_RUNPATH_SEARCH_PATHS = "$(inherited) @executable_path/Frameworks @loader_path/Frameworks";
				PRODUCT_NAME = "$(TARGET_NAME)";
				TEST_HOST = "$(BUILT_PRODUCTS_DIR)/CallMom.app/CallMom";
			};
			name = Release;
		};
/* End XCBuildConfiguration section */

/* Begin XCConfigurationList section */
		D6269F8F19F465EF00BE7A30 /* Build configuration list for PBXProject "CallMom" */ = {
			isa = XCConfigurationList;
			buildConfigurations = (
				D6269FB119F465EF00BE7A30 /* Debug */,
				D6269FB219F465EF00BE7A30 /* Release */,
			);
			defaultConfigurationIsVisible = 0;
			defaultConfigurationName = Release;
		};
		D6269FB319F465EF00BE7A30 /* Build configuration list for PBXNativeTarget "CallMom" */ = {
			isa = XCConfigurationList;
			buildConfigurations = (
				D6269FB419F465EF00BE7A30 /* Debug */,
				D6269FB519F465EF00BE7A30 /* Release */,
			);
			defaultConfigurationIsVisible = 0;
		};
		D6269FB619F465EF00BE7A30 /* Build configuration list for PBXNativeTarget "CallMomTests" */ = {
			isa = XCConfigurationList;
			buildConfigurations = (
				D6269FB719F465EF00BE7A30 /* Debug */,
				D6269FB819F465EF00BE7A30 /* Release */,
			);
			defaultConfigurationIsVisible = 0;
		};
/* End XCConfigurationList section */
	};
	rootObject = D6269F8C19F465EF00BE7A30 /* Project object */;
}
