// !$*UTF8*$!
{
	archiveVersion = 1;
	classes = {
	};
	objectVersion = 46;
	objects = {

/* Begin PBXBuildFile section */
		D607979419FAADE6008B9CA3 /* Strings.swift in Sources */ = {isa = PBXBuildFile; fileRef = D607979319FAADE6008B9CA3 /* Strings.swift */; };
		D607979619FAB963008B9CA3 /* Constants.swift in Sources */ = {isa = PBXBuildFile; fileRef = D607979519FAB963008B9CA3 /* Constants.swift */; };
		D607979819FAD2FE008B9CA3 /* MapController.swift in Sources */ = {isa = PBXBuildFile; fileRef = D607979719FAD2FE008B9CA3 /* MapController.swift */; };
		D6269F9A19F465EF00BE7A30 /* AppDelegate.swift in Sources */ = {isa = PBXBuildFile; fileRef = D6269F9919F465EF00BE7A30 /* AppDelegate.swift */; };
		D6269F9C19F465EF00BE7A30 /* DebugController.swift in Sources */ = {isa = PBXBuildFile; fileRef = D6269F9B19F465EF00BE7A30 /* DebugController.swift */; };
		D6269F9F19F465EF00BE7A30 /* Main.storyboard in Resources */ = {isa = PBXBuildFile; fileRef = D6269F9D19F465EF00BE7A30 /* Main.storyboard */; };
		D6269FA119F465EF00BE7A30 /* Images.xcassets in Resources */ = {isa = PBXBuildFile; fileRef = D6269FA019F465EF00BE7A30 /* Images.xcassets */; };
		D6269FA419F465EF00BE7A30 /* LaunchScreen.xib in Resources */ = {isa = PBXBuildFile; fileRef = D6269FA219F465EF00BE7A30 /* LaunchScreen.xib */; };
		D6269FB019F465EF00BE7A30 /* TextYourMomTests.swift in Sources */ = {isa = PBXBuildFile; fileRef = D6269FAF19F465EF00BE7A30 /* TextYourMomTests.swift */; };
		D6269FBC19F472A400BE7A30 /* MainController.swift in Sources */ = {isa = PBXBuildFile; fileRef = D6269FBB19F472A400BE7A30 /* MainController.swift */; };
		D6269FBF19F475C700BE7A30 /* Brain.swift in Sources */ = {isa = PBXBuildFile; fileRef = D6269FBD19F475C700BE7A30 /* Brain.swift */; };
		D6269FC019F475C700BE7A30 /* AirportsWatcher.swift in Sources */ = {isa = PBXBuildFile; fileRef = D6269FBE19F475C700BE7A30 /* AirportsWatcher.swift */; };
		D6269FC219F4793100BE7A30 /* MapKit.framework in Frameworks */ = {isa = PBXBuildFile; fileRef = D6269FC119F4793100BE7A30 /* MapKit.framework */; };
		D6269FC419F47F1800BE7A30 /* AirportsProvider.swift in Sources */ = {isa = PBXBuildFile; fileRef = D6269FC319F47F1800BE7A30 /* AirportsProvider.swift */; };
		D6269FC619F4825300BE7A30 /* airports.txt in Resources */ = {isa = PBXBuildFile; fileRef = D6269FC519F4825300BE7A30 /* airports.txt */; };
		D664C2FB19F6F06D00366892 /* LogsController.swift in Sources */ = {isa = PBXBuildFile; fileRef = D664C2FA19F6F06C00366892 /* LogsController.swift */; };
		D664C2FD19F6F2F400366892 /* Globals.swift in Sources */ = {isa = PBXBuildFile; fileRef = D664C2FC19F6F2F400366892 /* Globals.swift */; };
		D664C2FF19F6F32A00366892 /* Logs.swift in Sources */ = {isa = PBXBuildFile; fileRef = D664C2FE19F6F32A00366892 /* Logs.swift */; };
		D664C30219F82DCF00366892 /* IntroController.swift in Sources */ = {isa = PBXBuildFile; fileRef = D664C30019F82DCF00366892 /* IntroController.swift */; };
		D664C30319F82DCF00366892 /* Model.swift in Sources */ = {isa = PBXBuildFile; fileRef = D664C30119F82DCF00366892 /* Model.swift */; };
		D664C30519F82E1400366892 /* MasterController.swift in Sources */ = {isa = PBXBuildFile; fileRef = D664C30419F82E1400366892 /* MasterController.swift */; };
		D664C30719F8307200366892 /* BaseViewController.swift in Sources */ = {isa = PBXBuildFile; fileRef = D664C30619F8307200366892 /* BaseViewController.swift */; };
		D664C30919F8397900366892 /* CanvasView.swift in Sources */ = {isa = PBXBuildFile; fileRef = D664C30819F8397900366892 /* CanvasView.swift */; };
		D664C30F19F8686400366892 /* NoLocationController.swift in Sources */ = {isa = PBXBuildFile; fileRef = D664C30C19F8686400366892 /* NoLocationController.swift */; };
		D664C31019F8686400366892 /* NoLocationsAndNotificationsController.swift in Sources */ = {isa = PBXBuildFile; fileRef = D664C30D19F8686400366892 /* NoLocationsAndNotificationsController.swift */; };
		D664C31119F8686400366892 /* NoNotificationsController.swift in Sources */ = {isa = PBXBuildFile; fileRef = D664C30E19F8686400366892 /* NoNotificationsController.swift */; };
		D664C31319F882AC00366892 /* EmptyController.swift in Sources */ = {isa = PBXBuildFile; fileRef = D664C31219F882AC00366892 /* EmptyController.swift */; };
		D664C31719F9AB7E00366892 /* ErrorController.swift in Sources */ = {isa = PBXBuildFile; fileRef = D664C31619F9AB7E00366892 /* ErrorController.swift */; };
		D67416EC19F5B9AE00F05672 /* Executor.swift in Sources */ = {isa = PBXBuildFile; fileRef = D67416EB19F5B9AE00F05672 /* Executor.swift */; };
		D67AFEC91A0E7C6F00B31732 /* Assets.swift in Sources */ = {isa = PBXBuildFile; fileRef = D67AFEC81A0E7C6F00B31732 /* Assets.swift */; };
		D688BD5A19FD6794001CCC95 /* Airport.swift in Sources */ = {isa = PBXBuildFile; fileRef = D688BD5919FD6794001CCC95 /* Airport.swift */; };
		D688BD5C19FFFE0E001CCC95 /* OverlayButton.swift in Sources */ = {isa = PBXBuildFile; fileRef = D688BD5B19FFFE0E001CCC95 /* OverlayButton.swift */; };
		D688BD651A002764001CCC95 /* Dollar.swift in Sources */ = {isa = PBXBuildFile; fileRef = D688BD641A002764001CCC95 /* Dollar.swift */; };
		D690795619F57BB60048E035 /* Utils.swift in Sources */ = {isa = PBXBuildFile; fileRef = D690795519F57BB60048E035 /* Utils.swift */; };
		D690795D19F597C50048E035 /* Dispatcher.swift in Sources */ = {isa = PBXBuildFile; fileRef = D690795919F597C50048E035 /* Dispatcher.swift */; };
		D690795E19F597C50048E035 /* DispatchGroup.swift in Sources */ = {isa = PBXBuildFile; fileRef = D690795A19F597C50048E035 /* DispatchGroup.swift */; };
		D690795F19F597C50048E035 /* DispatchQueue.swift in Sources */ = {isa = PBXBuildFile; fileRef = D690795B19F597C50048E035 /* DispatchQueue.swift */; };
		D690796019F597C50048E035 /* DispatchTimer.swift in Sources */ = {isa = PBXBuildFile; fileRef = D690795C19F597C50048E035 /* DispatchTimer.swift */; };
/* End PBXBuildFile section */

/* Begin PBXContainerItemProxy section */
		D6269FAA19F465EF00BE7A30 /* PBXContainerItemProxy */ = {
			isa = PBXContainerItemProxy;
			containerPortal = D6269F8C19F465EF00BE7A30 /* Project object */;
			proxyType = 1;
			remoteGlobalIDString = D6269F9319F465EF00BE7A30;
			remoteInfo = TextYourMom;
		};
/* End PBXContainerItemProxy section */

/* Begin PBXFileReference section */
		D607979319FAADE6008B9CA3 /* Strings.swift */ = {isa = PBXFileReference; fileEncoding = 4; lastKnownFileType = sourcecode.swift; path = Strings.swift; sourceTree = "<group>"; };
		D607979519FAB963008B9CA3 /* Constants.swift */ = {isa = PBXFileReference; fileEncoding = 4; lastKnownFileType = sourcecode.swift; path = Constants.swift; sourceTree = "<group>"; };
		D607979719FAD2FE008B9CA3 /* MapController.swift */ = {isa = PBXFileReference; fileEncoding = 4; lastKnownFileType = sourcecode.swift; path = MapController.swift; sourceTree = "<group>"; };
		D6269F9419F465EF00BE7A30 /* TextYourMom.app */ = {isa = PBXFileReference; explicitFileType = wrapper.application; includeInIndex = 0; path = TextYourMom.app; sourceTree = BUILT_PRODUCTS_DIR; };
		D6269F9819F465EF00BE7A30 /* Info.plist */ = {isa = PBXFileReference; lastKnownFileType = text.plist.xml; path = Info.plist; sourceTree = "<group>"; };
		D6269F9919F465EF00BE7A30 /* AppDelegate.swift */ = {isa = PBXFileReference; lastKnownFileType = sourcecode.swift; lineEnding = 0; path = AppDelegate.swift; sourceTree = "<group>"; xcLanguageSpecificationIdentifier = xcode.lang.swift; };
		D6269F9B19F465EF00BE7A30 /* DebugController.swift */ = {isa = PBXFileReference; lastKnownFileType = sourcecode.swift; path = DebugController.swift; sourceTree = "<group>"; };
		D6269F9E19F465EF00BE7A30 /* Base */ = {isa = PBXFileReference; lastKnownFileType = file.storyboard; name = Base; path = Base.lproj/Main.storyboard; sourceTree = "<group>"; };
		D6269FA019F465EF00BE7A30 /* Images.xcassets */ = {isa = PBXFileReference; lastKnownFileType = folder.assetcatalog; path = Images.xcassets; sourceTree = "<group>"; };
		D6269FA319F465EF00BE7A30 /* Base */ = {isa = PBXFileReference; lastKnownFileType = file.xib; name = Base; path = Base.lproj/LaunchScreen.xib; sourceTree = "<group>"; };
		D6269FA919F465EF00BE7A30 /* TextYourMomTests.xctest */ = {isa = PBXFileReference; explicitFileType = wrapper.cfbundle; includeInIndex = 0; path = TextYourMomTests.xctest; sourceTree = BUILT_PRODUCTS_DIR; };
		D6269FAE19F465EF00BE7A30 /* Info.plist */ = {isa = PBXFileReference; lastKnownFileType = text.plist.xml; path = Info.plist; sourceTree = "<group>"; };
		D6269FAF19F465EF00BE7A30 /* TextYourMomTests.swift */ = {isa = PBXFileReference; lastKnownFileType = sourcecode.swift; path = TextYourMomTests.swift; sourceTree = "<group>"; };
		D6269FBB19F472A400BE7A30 /* MainController.swift */ = {isa = PBXFileReference; fileEncoding = 4; lastKnownFileType = sourcecode.swift; path = MainController.swift; sourceTree = "<group>"; };
		D6269FBD19F475C700BE7A30 /* Brain.swift */ = {isa = PBXFileReference; fileEncoding = 4; lastKnownFileType = sourcecode.swift; lineEnding = 0; path = Brain.swift; sourceTree = "<group>"; xcLanguageSpecificationIdentifier = xcode.lang.swift; };
		D6269FBE19F475C700BE7A30 /* AirportsWatcher.swift */ = {isa = PBXFileReference; fileEncoding = 4; lastKnownFileType = sourcecode.swift; lineEnding = 0; path = AirportsWatcher.swift; sourceTree = "<group>"; xcLanguageSpecificationIdentifier = xcode.lang.swift; };
		D6269FC119F4793100BE7A30 /* MapKit.framework */ = {isa = PBXFileReference; lastKnownFileType = wrapper.framework; name = MapKit.framework; path = System/Library/Frameworks/MapKit.framework; sourceTree = SDKROOT; };
		D6269FC319F47F1800BE7A30 /* AirportsProvider.swift */ = {isa = PBXFileReference; fileEncoding = 4; lastKnownFileType = sourcecode.swift; lineEnding = 0; path = AirportsProvider.swift; sourceTree = "<group>"; xcLanguageSpecificationIdentifier = xcode.lang.swift; };
		D6269FC519F4825300BE7A30 /* airports.txt */ = {isa = PBXFileReference; fileEncoding = 4; lastKnownFileType = text; path = airports.txt; sourceTree = "<group>"; };
		D664C2FA19F6F06C00366892 /* LogsController.swift */ = {isa = PBXFileReference; fileEncoding = 4; lastKnownFileType = sourcecode.swift; path = LogsController.swift; sourceTree = "<group>"; };
		D664C2FC19F6F2F400366892 /* Globals.swift */ = {isa = PBXFileReference; fileEncoding = 4; lastKnownFileType = sourcecode.swift; path = Globals.swift; sourceTree = "<group>"; };
		D664C2FE19F6F32A00366892 /* Logs.swift */ = {isa = PBXFileReference; fileEncoding = 4; lastKnownFileType = sourcecode.swift; path = Logs.swift; sourceTree = "<group>"; };
		D664C30019F82DCF00366892 /* IntroController.swift */ = {isa = PBXFileReference; fileEncoding = 4; lastKnownFileType = sourcecode.swift; path = IntroController.swift; sourceTree = "<group>"; };
		D664C30119F82DCF00366892 /* Model.swift */ = {isa = PBXFileReference; fileEncoding = 4; lastKnownFileType = sourcecode.swift; path = Model.swift; sourceTree = "<group>"; };
		D664C30419F82E1400366892 /* MasterController.swift */ = {isa = PBXFileReference; fileEncoding = 4; lastKnownFileType = sourcecode.swift; path = MasterController.swift; sourceTree = "<group>"; };
		D664C30619F8307200366892 /* BaseViewController.swift */ = {isa = PBXFileReference; fileEncoding = 4; lastKnownFileType = sourcecode.swift; path = BaseViewController.swift; sourceTree = "<group>"; };
		D664C30819F8397900366892 /* CanvasView.swift */ = {isa = PBXFileReference; fileEncoding = 4; lastKnownFileType = sourcecode.swift; path = CanvasView.swift; sourceTree = "<group>"; };
		D664C30C19F8686400366892 /* NoLocationController.swift */ = {isa = PBXFileReference; fileEncoding = 4; lastKnownFileType = sourcecode.swift; path = NoLocationController.swift; sourceTree = "<group>"; };
		D664C30D19F8686400366892 /* NoLocationsAndNotificationsController.swift */ = {isa = PBXFileReference; fileEncoding = 4; lastKnownFileType = sourcecode.swift; path = NoLocationsAndNotificationsController.swift; sourceTree = "<group>"; };
		D664C30E19F8686400366892 /* NoNotificationsController.swift */ = {isa = PBXFileReference; fileEncoding = 4; lastKnownFileType = sourcecode.swift; path = NoNotificationsController.swift; sourceTree = "<group>"; };
		D664C31219F882AC00366892 /* EmptyController.swift */ = {isa = PBXFileReference; fileEncoding = 4; lastKnownFileType = sourcecode.swift; path = EmptyController.swift; sourceTree = "<group>"; };
		D664C31619F9AB7E00366892 /* ErrorController.swift */ = {isa = PBXFileReference; fileEncoding = 4; lastKnownFileType = sourcecode.swift; path = ErrorController.swift; sourceTree = "<group>"; };
		D67416EB19F5B9AE00F05672 /* Executor.swift */ = {isa = PBXFileReference; fileEncoding = 4; lastKnownFileType = sourcecode.swift; lineEnding = 0; path = Executor.swift; sourceTree = "<group>"; xcLanguageSpecificationIdentifier = xcode.lang.swift; };
		D67AFEC81A0E7C6F00B31732 /* Assets.swift */ = {isa = PBXFileReference; fileEncoding = 4; lastKnownFileType = sourcecode.swift; path = Assets.swift; sourceTree = "<group>"; };
		D688BD5919FD6794001CCC95 /* Airport.swift */ = {isa = PBXFileReference; fileEncoding = 4; lastKnownFileType = sourcecode.swift; path = Airport.swift; sourceTree = "<group>"; };
		D688BD5B19FFFE0E001CCC95 /* OverlayButton.swift */ = {isa = PBXFileReference; fileEncoding = 4; lastKnownFileType = sourcecode.swift; path = OverlayButton.swift; sourceTree = "<group>"; };
		D688BD641A002764001CCC95 /* Dollar.swift */ = {isa = PBXFileReference; fileEncoding = 4; lastKnownFileType = sourcecode.swift; name = Dollar.swift; path = Dollar.swift/Dollar/Dollar/Dollar.swift; sourceTree = "<group>"; };
		D690795519F57BB60048E035 /* Utils.swift */ = {isa = PBXFileReference; fileEncoding = 4; lastKnownFileType = sourcecode.swift; path = Utils.swift; sourceTree = "<group>"; };
		D690795919F597C50048E035 /* Dispatcher.swift */ = {isa = PBXFileReference; fileEncoding = 4; lastKnownFileType = sourcecode.swift; name = Dispatcher.swift; path = ../../callmom/TextYourMom/dispatcher/Dispatcher.swift; sourceTree = "<group>"; };
		D690795A19F597C50048E035 /* DispatchGroup.swift */ = {isa = PBXFileReference; fileEncoding = 4; lastKnownFileType = sourcecode.swift; name = DispatchGroup.swift; path = ../../callmom/TextYourMom/dispatcher/DispatchGroup.swift; sourceTree = "<group>"; };
		D690795B19F597C50048E035 /* DispatchQueue.swift */ = {isa = PBXFileReference; fileEncoding = 4; lastKnownFileType = sourcecode.swift; name = DispatchQueue.swift; path = ../../callmom/TextYourMom/dispatcher/DispatchQueue.swift; sourceTree = "<group>"; };
		D690795C19F597C50048E035 /* DispatchTimer.swift */ = {isa = PBXFileReference; fileEncoding = 4; lastKnownFileType = sourcecode.swift; name = DispatchTimer.swift; path = ../../callmom/TextYourMom/dispatcher/DispatchTimer.swift; sourceTree = "<group>"; };
/* End PBXFileReference section */

/* Begin PBXFrameworksBuildPhase section */
		D6269F9119F465EF00BE7A30 /* Frameworks */ = {
			isa = PBXFrameworksBuildPhase;
			buildActionMask = 2147483647;
			files = (
				D6269FC219F4793100BE7A30 /* MapKit.framework in Frameworks */,
			);
			runOnlyForDeploymentPostprocessing = 0;
		};
		D6269FA619F465EF00BE7A30 /* Frameworks */ = {
			isa = PBXFrameworksBuildPhase;
			buildActionMask = 2147483647;
			files = (
			);
			runOnlyForDeploymentPostprocessing = 0;
		};
/* End PBXFrameworksBuildPhase section */

/* Begin PBXGroup section */
		D6269F8B19F465EF00BE7A30 = {
			isa = PBXGroup;
			children = (
				D6269FC119F4793100BE7A30 /* MapKit.framework */,
				D6269F9619F465EF00BE7A30 /* TextYourMom */,
				D6269FAC19F465EF00BE7A30 /* TextYourMomTests */,
				D6269F9519F465EF00BE7A30 /* Products */,
			);
			sourceTree = "<group>";
		};
		D6269F9519F465EF00BE7A30 /* Products */ = {
			isa = PBXGroup;
			children = (
				D6269F9419F465EF00BE7A30 /* TextYourMom.app */,
				D6269FA919F465EF00BE7A30 /* TextYourMomTests.xctest */,
			);
			name = Products;
			sourceTree = "<group>";
		};
		D6269F9619F465EF00BE7A30 /* TextYourMom */ = {
			isa = PBXGroup;
			children = (
				D67AFEC51A0E7C0E00B31732 /* StyleKit */,
				D688BD631A00274E001CCC95 /* Dollar */,
				D664C30B19F8680E00366892 /* Plumbing */,
				D664C30A19F867F000366892 /* Views */,
				D690796119F598190048E035 /* Dispatcher */,
				D6269F9919F465EF00BE7A30 /* AppDelegate.swift */,
				D664C30419F82E1400366892 /* MasterController.swift */,
				D688BD5919FD6794001CCC95 /* Airport.swift */,
				D6269FC319F47F1800BE7A30 /* AirportsProvider.swift */,
				D6269FBE19F475C700BE7A30 /* AirportsWatcher.swift */,
				D6269FBD19F475C700BE7A30 /* Brain.swift */,
				D67416EB19F5B9AE00F05672 /* Executor.swift */,
				D6269F9D19F465EF00BE7A30 /* Main.storyboard */,
				D6269FA019F465EF00BE7A30 /* Images.xcassets */,
				D6269FA219F465EF00BE7A30 /* LaunchScreen.xib */,
				D6269F9719F465EF00BE7A30 /* Supporting Files */,
			);
			path = TextYourMom;
			sourceTree = "<group>";
		};
		D6269F9719F465EF00BE7A30 /* Supporting Files */ = {
			isa = PBXGroup;
			children = (
				D6269FC519F4825300BE7A30 /* airports.txt */,
				D6269F9819F465EF00BE7A30 /* Info.plist */,
			);
			name = "Supporting Files";
			sourceTree = "<group>";
		};
		D6269FAC19F465EF00BE7A30 /* TextYourMomTests */ = {
			isa = PBXGroup;
			children = (
				D6269FAF19F465EF00BE7A30 /* TextYourMomTests.swift */,
				D6269FAD19F465EF00BE7A30 /* Supporting Files */,
			);
			path = TextYourMomTests;
			sourceTree = "<group>";
		};
		D6269FAD19F465EF00BE7A30 /* Supporting Files */ = {
			isa = PBXGroup;
			children = (
				D6269FAE19F465EF00BE7A30 /* Info.plist */,
			);
			name = "Supporting Files";
			sourceTree = "<group>";
		};
		D664C30A19F867F000366892 /* Views */ = {
			isa = PBXGroup;
			children = (
				D607979719FAD2FE008B9CA3 /* MapController.swift */,
				D664C31619F9AB7E00366892 /* ErrorController.swift */,
				D664C31219F882AC00366892 /* EmptyController.swift */,
				D664C30019F82DCF00366892 /* IntroController.swift */,
				D6269FBB19F472A400BE7A30 /* MainController.swift */,
				D664C30C19F8686400366892 /* NoLocationController.swift */,
				D664C30D19F8686400366892 /* NoLocationsAndNotificationsController.swift */,
				D664C30E19F8686400366892 /* NoNotificationsController.swift */,
				D6269F9B19F465EF00BE7A30 /* DebugController.swift */,
				D664C2FA19F6F06C00366892 /* LogsController.swift */,
			);
			name = Views;
			sourceTree = "<group>";
		};
		D664C30B19F8680E00366892 /* Plumbing */ = {
			isa = PBXGroup;
			children = (
				D688BD5B19FFFE0E001CCC95 /* OverlayButton.swift */,
				D607979519FAB963008B9CA3 /* Constants.swift */,
				D607979319FAADE6008B9CA3 /* Strings.swift */,
				D664C2FE19F6F32A00366892 /* Logs.swift */,
				D664C2FC19F6F2F400366892 /* Globals.swift */,
				D664C30119F82DCF00366892 /* Model.swift */,
				D690795519F57BB60048E035 /* Utils.swift */,
				D664C30819F8397900366892 /* CanvasView.swift */,
				D664C30619F8307200366892 /* BaseViewController.swift */,
			);
			name = Plumbing;
			sourceTree = "<group>";
		};
		D67AFEC51A0E7C0E00B31732 /* StyleKit */ = {
			isa = PBXGroup;
			children = (
				D67AFEC81A0E7C6F00B31732 /* Assets.swift */,
			);
			path = StyleKit;
			sourceTree = "<group>";
		};
		D688BD631A00274E001CCC95 /* Dollar */ = {
			isa = PBXGroup;
			children = (
				D688BD641A002764001CCC95 /* Dollar.swift */,
			);
			name = Dollar;
			sourceTree = "<group>";
		};
		D690796119F598190048E035 /* Dispatcher */ = {
			isa = PBXGroup;
			children = (
				D690795919F597C50048E035 /* Dispatcher.swift */,
				D690795A19F597C50048E035 /* DispatchGroup.swift */,
				D690795B19F597C50048E035 /* DispatchQueue.swift */,
				D690795C19F597C50048E035 /* DispatchTimer.swift */,
			);
			name = Dispatcher;
			sourceTree = "<group>";
		};
/* End PBXGroup section */

/* Begin PBXNativeTarget section */
		D6269F9319F465EF00BE7A30 /* TextYourMom */ = {
			isa = PBXNativeTarget;
			buildConfigurationList = D6269FB319F465EF00BE7A30 /* Build configuration list for PBXNativeTarget "TextYourMom" */;
			buildPhases = (
				D6269F9019F465EF00BE7A30 /* Sources */,
				D6269F9119F465EF00BE7A30 /* Frameworks */,
				D6269F9219F465EF00BE7A30 /* Resources */,
			);
			buildRules = (
			);
			dependencies = (
			);
			name = TextYourMom;
			productName = TextYourMom;
			productReference = D6269F9419F465EF00BE7A30 /* TextYourMom.app */;
			productType = "com.apple.product-type.application";
		};
		D6269FA819F465EF00BE7A30 /* TextYourMomTests */ = {
			isa = PBXNativeTarget;
			buildConfigurationList = D6269FB619F465EF00BE7A30 /* Build configuration list for PBXNativeTarget "TextYourMomTests" */;
			buildPhases = (
				D6269FA519F465EF00BE7A30 /* Sources */,
				D6269FA619F465EF00BE7A30 /* Frameworks */,
				D6269FA719F465EF00BE7A30 /* Resources */,
			);
			buildRules = (
			);
			dependencies = (
				D6269FAB19F465EF00BE7A30 /* PBXTargetDependency */,
			);
			name = TextYourMomTests;
			productName = TextYourMomTests;
			productReference = D6269FA919F465EF00BE7A30 /* TextYourMomTests.xctest */;
			productType = "com.apple.product-type.bundle.unit-test";
		};
/* End PBXNativeTarget section */

/* Begin PBXProject section */
		D6269F8C19F465EF00BE7A30 /* Project object */ = {
			isa = PBXProject;
			attributes = {
				LastUpgradeCheck = 0610;
				ORGANIZATIONNAME = "tech beach";
				TargetAttributes = {
					D6269F9319F465EF00BE7A30 = {
						CreatedOnToolsVersion = 6.1;
						DevelopmentTeam = 2W8X9W22V5;
						SystemCapabilities = {
							com.apple.BackgroundModes = {
								enabled = 1;
							};
							com.apple.Maps.iOS = {
								enabled = 1;
							};
						};
					};
					D6269FA819F465EF00BE7A30 = {
						CreatedOnToolsVersion = 6.1;
						TestTargetID = D6269F9319F465EF00BE7A30;
					};
				};
			};
			buildConfigurationList = D6269F8F19F465EF00BE7A30 /* Build configuration list for PBXProject "TextYourMom" */;
			compatibilityVersion = "Xcode 3.2";
			developmentRegion = English;
			hasScannedForEncodings = 0;
			knownRegions = (
				en,
				Base,
			);
			mainGroup = D6269F8B19F465EF00BE7A30;
			productRefGroup = D6269F9519F465EF00BE7A30 /* Products */;
			projectDirPath = "";
			projectRoot = "";
			targets = (
				D6269F9319F465EF00BE7A30 /* TextYourMom */,
				D6269FA819F465EF00BE7A30 /* TextYourMomTests */,
			);
		};
/* End PBXProject section */

/* Begin PBXResourcesBuildPhase section */
		D6269F9219F465EF00BE7A30 /* Resources */ = {
			isa = PBXResourcesBuildPhase;
			buildActionMask = 2147483647;
			files = (
				D6269F9F19F465EF00BE7A30 /* Main.storyboard in Resources */,
				D6269FA419F465EF00BE7A30 /* LaunchScreen.xib in Resources */,
				D6269FC619F4825300BE7A30 /* airports.txt in Resources */,
				D6269FA119F465EF00BE7A30 /* Images.xcassets in Resources */,
			);
			runOnlyForDeploymentPostprocessing = 0;
		};
		D6269FA719F465EF00BE7A30 /* Resources */ = {
			isa = PBXResourcesBuildPhase;
			buildActionMask = 2147483647;
			files = (
			);
			runOnlyForDeploymentPostprocessing = 0;
		};
/* End PBXResourcesBuildPhase section */

/* Begin PBXSourcesBuildPhase section */
		D6269F9019F465EF00BE7A30 /* Sources */ = {
			isa = PBXSourcesBuildPhase;
			buildActionMask = 2147483647;
			files = (
				D6269FC419F47F1800BE7A30 /* AirportsProvider.swift in Sources */,
				D664C2FB19F6F06D00366892 /* LogsController.swift in Sources */,
				D690796019F597C50048E035 /* DispatchTimer.swift in Sources */,
				D690795619F57BB60048E035 /* Utils.swift in Sources */,
				D664C30F19F8686400366892 /* NoLocationController.swift in Sources */,
				D664C31319F882AC00366892 /* EmptyController.swift in Sources */,
				D664C30719F8307200366892 /* BaseViewController.swift in Sources */,
				D664C31719F9AB7E00366892 /* ErrorController.swift in Sources */,
				D664C30519F82E1400366892 /* MasterController.swift in Sources */,
				D6269F9C19F465EF00BE7A30 /* DebugController.swift in Sources */,
				D607979419FAADE6008B9CA3 /* Strings.swift in Sources */,
				D607979619FAB963008B9CA3 /* Constants.swift in Sources */,
				D688BD5C19FFFE0E001CCC95 /* OverlayButton.swift in Sources */,
				D664C30919F8397900366892 /* CanvasView.swift in Sources */,
				D690795D19F597C50048E035 /* Dispatcher.swift in Sources */,
				D688BD651A002764001CCC95 /* Dollar.swift in Sources */,
				D67416EC19F5B9AE00F05672 /* Executor.swift in Sources */,
				D688BD5A19FD6794001CCC95 /* Airport.swift in Sources */,
				D664C30319F82DCF00366892 /* Model.swift in Sources */,
				D664C31119F8686400366892 /* NoNotificationsController.swift in Sources */,
				D664C31019F8686400366892 /* NoLocationsAndNotificationsController.swift in Sources */,
				D607979819FAD2FE008B9CA3 /* MapController.swift in Sources */,
				D6269F9A19F465EF00BE7A30 /* AppDelegate.swift in Sources */,
				D6269FC019F475C700BE7A30 /* AirportsWatcher.swift in Sources */,
				D6269FBF19F475C700BE7A30 /* Brain.swift in Sources */,
				D664C30219F82DCF00366892 /* IntroController.swift in Sources */,
				D67AFEC91A0E7C6F00B31732 /* Assets.swift in Sources */,
				D664C2FD19F6F2F400366892 /* Globals.swift in Sources */,
				D664C2FF19F6F32A00366892 /* Logs.swift in Sources */,
				D690795E19F597C50048E035 /* DispatchGroup.swift in Sources */,
				D6269FBC19F472A400BE7A30 /* MainController.swift in Sources */,
				D690795F19F597C50048E035 /* DispatchQueue.swift in Sources */,
			);
			runOnlyForDeploymentPostprocessing = 0;
		};
		D6269FA519F465EF00BE7A30 /* Sources */ = {
			isa = PBXSourcesBuildPhase;
			buildActionMask = 2147483647;
			files = (
				D6269FB019F465EF00BE7A30 /* TextYourMomTests.swift in Sources */,
			);
			runOnlyForDeploymentPostprocessing = 0;
		};
/* End PBXSourcesBuildPhase section */

/* Begin PBXTargetDependency section */
		D6269FAB19F465EF00BE7A30 /* PBXTargetDependency */ = {
			isa = PBXTargetDependency;
			target = D6269F9319F465EF00BE7A30 /* TextYourMom */;
			targetProxy = D6269FAA19F465EF00BE7A30 /* PBXContainerItemProxy */;
		};
/* End PBXTargetDependency section */

/* Begin PBXVariantGroup section */
		D6269F9D19F465EF00BE7A30 /* Main.storyboard */ = {
			isa = PBXVariantGroup;
			children = (
				D6269F9E19F465EF00BE7A30 /* Base */,
			);
			name = Main.storyboard;
			sourceTree = "<group>";
		};
		D6269FA219F465EF00BE7A30 /* LaunchScreen.xib */ = {
			isa = PBXVariantGroup;
			children = (
				D6269FA319F465EF00BE7A30 /* Base */,
			);
			name = LaunchScreen.xib;
			sourceTree = "<group>";
		};
/* End PBXVariantGroup section */

/* Begin XCBuildConfiguration section */
		D6269FB119F465EF00BE7A30 /* Debug */ = {
			isa = XCBuildConfiguration;
			buildSettings = {
				ALWAYS_SEARCH_USER_PATHS = NO;
				CLANG_CXX_LANGUAGE_STANDARD = "gnu++0x";
				CLANG_CXX_LIBRARY = "libc++";
				CLANG_ENABLE_MODULES = YES;
				CLANG_ENABLE_OBJC_ARC = YES;
				CLANG_WARN_BOOL_CONVERSION = YES;
				CLANG_WARN_CONSTANT_CONVERSION = YES;
				CLANG_WARN_DIRECT_OBJC_ISA_USAGE = YES_ERROR;
				CLANG_WARN_EMPTY_BODY = YES;
				CLANG_WARN_ENUM_CONVERSION = YES;
				CLANG_WARN_INT_CONVERSION = YES;
				CLANG_WARN_OBJC_ROOT_CLASS = YES_ERROR;
				CLANG_WARN_UNREACHABLE_CODE = YES;
				CLANG_WARN__DUPLICATE_METHOD_MATCH = YES;
				"CODE_SIGN_IDENTITY[sdk=iphoneos*]" = "iPhone Developer";
				COPY_PHASE_STRIP = NO;
				ENABLE_STRICT_OBJC_MSGSEND = YES;
				GCC_C_LANGUAGE_STANDARD = gnu99;
				GCC_DYNAMIC_NO_PIC = NO;
				GCC_OPTIMIZATION_LEVEL = 0;
				GCC_PREPROCESSOR_DEFINITIONS = (
					"DEBUG=1",
					"$(inherited)",
				);
				GCC_SYMBOLS_PRIVATE_EXTERN = NO;
				GCC_WARN_64_TO_32_BIT_CONVERSION = YES;
				GCC_WARN_ABOUT_RETURN_TYPE = YES_ERROR;
				GCC_WARN_UNDECLARED_SELECTOR = YES;
				GCC_WARN_UNINITIALIZED_AUTOS = YES_AGGRESSIVE;
				GCC_WARN_UNUSED_FUNCTION = YES;
				GCC_WARN_UNUSED_VARIABLE = YES;
				IPHONEOS_DEPLOYMENT_TARGET = 7.1;
				MTL_ENABLE_DEBUG_INFO = YES;
				ONLY_ACTIVE_ARCH = YES;
				SDKROOT = iphoneos;
				SWIFT_OPTIMIZATION_LEVEL = "-Onone";
			};
			name = Debug;
		};
		D6269FB219F465EF00BE7A30 /* Release */ = {
			isa = XCBuildConfiguration;
			buildSettings = {
				ALWAYS_SEARCH_USER_PATHS = NO;
				CLANG_CXX_LANGUAGE_STANDARD = "gnu++0x";
				CLANG_CXX_LIBRARY = "libc++";
				CLANG_ENABLE_MODULES = YES;
				CLANG_ENABLE_OBJC_ARC = YES;
				CLANG_WARN_BOOL_CONVERSION = YES;
				CLANG_WARN_CONSTANT_CONVERSION = YES;
				CLANG_WARN_DIRECT_OBJC_ISA_USAGE = YES_ERROR;
				CLANG_WARN_EMPTY_BODY = YES;
				CLANG_WARN_ENUM_CONVERSION = YES;
				CLANG_WARN_INT_CONVERSION = YES;
				CLANG_WARN_OBJC_ROOT_CLASS = YES_ERROR;
				CLANG_WARN_UNREACHABLE_CODE = YES;
				CLANG_WARN__DUPLICATE_METHOD_MATCH = YES;
				"CODE_SIGN_IDENTITY[sdk=iphoneos*]" = "iPhone Developer";
				COPY_PHASE_STRIP = YES;
				ENABLE_NS_ASSERTIONS = NO;
				ENABLE_STRICT_OBJC_MSGSEND = YES;
				GCC_C_LANGUAGE_STANDARD = gnu99;
				GCC_WARN_64_TO_32_BIT_CONVERSION = YES;
				GCC_WARN_ABOUT_RETURN_TYPE = YES_ERROR;
				GCC_WARN_UNDECLARED_SELECTOR = YES;
				GCC_WARN_UNINITIALIZED_AUTOS = YES_AGGRESSIVE;
				GCC_WARN_UNUSED_FUNCTION = YES;
				GCC_WARN_UNUSED_VARIABLE = YES;
				IPHONEOS_DEPLOYMENT_TARGET = 7.1;
				MTL_ENABLE_DEBUG_INFO = NO;
				SDKROOT = iphoneos;
				VALIDATE_PRODUCT = YES;
			};
			name = Release;
		};
		D6269FB419F465EF00BE7A30 /* Debug */ = {
			isa = XCBuildConfiguration;
			buildSettings = {
				ASSETCATALOG_COMPILER_APPICON_NAME = AppIcon;
				ASSETCATALOG_COMPILER_LAUNCHIMAGE_NAME = LaunchImage;
				CODE_SIGN_IDENTITY = "iPhone Developer";
				"CODE_SIGN_IDENTITY[sdk=iphoneos*]" = "iPhone Developer";
				INFOPLIST_FILE = TextYourMom/Info.plist;
				IPHONEOS_DEPLOYMENT_TARGET = 7.1;
				LD_RUNPATH_SEARCH_PATHS = "$(inherited) @executable_path/Frameworks";
				PRODUCT_NAME = "$(TARGET_NAME)";
				PROVISIONING_PROFILE = "4d241f47-580b-46f7-b7a7-3d254660f99e";
				TARGETED_DEVICE_FAMILY = 1;
			};
			name = Debug;
		};
		D6269FB519F465EF00BE7A30 /* Release */ = {
			isa = XCBuildConfiguration;
			buildSettings = {
				ASSETCATALOG_COMPILER_APPICON_NAME = AppIcon;
				ASSETCATALOG_COMPILER_LAUNCHIMAGE_NAME = LaunchImage;
				CODE_SIGN_IDENTITY = "iPhone Developer";
				"CODE_SIGN_IDENTITY[sdk=iphoneos*]" = "iPhone Developer";
				INFOPLIST_FILE = TextYourMom/Info.plist;
				IPHONEOS_DEPLOYMENT_TARGET = 7.1;
				LD_RUNPATH_SEARCH_PATHS = "$(inherited) @executable_path/Frameworks";
				PRODUCT_NAME = "$(TARGET_NAME)";
				PROVISIONING_PROFILE = "4d241f47-580b-46f7-b7a7-3d254660f99e";
				TARGETED_DEVICE_FAMILY = 1;
			};
			name = Release;
		};
		D6269FB719F465EF00BE7A30 /* Debug */ = {
			isa = XCBuildConfiguration;
			buildSettings = {
				BUNDLE_LOADER = "$(TEST_HOST)";
				FRAMEWORK_SEARCH_PATHS = (
					"$(SDKROOT)/Developer/Library/Frameworks",
					"$(inherited)",
				);
				GCC_PREPROCESSOR_DEFINITIONS = (
					"DEBUG=1",
					"$(inherited)",
				);
				INFOPLIST_FILE = TextYourMomTests/Info.plist;
				LD_RUNPATH_SEARCH_PATHS = "$(inherited) @executable_path/Frameworks @loader_path/Frameworks";
				PRODUCT_NAME = "$(TARGET_NAME)";
				TEST_HOST = "$(BUILT_PRODUCTS_DIR)/TextYourMom.app/TextYourMom";
			};
			name = Debug;
		};
		D6269FB819F465EF00BE7A30 /* Release */ = {
			isa = XCBuildConfiguration;
			buildSettings = {
				BUNDLE_LOADER = "$(TEST_HOST)";
				FRAMEWORK_SEARCH_PATHS = (
					"$(SDKROOT)/Developer/Library/Frameworks",
					"$(inherited)",
				);
				INFOPLIST_FILE = TextYourMomTests/Info.plist;
				LD_RUNPATH_SEARCH_PATHS = "$(inherited) @executable_path/Frameworks @loader_path/Frameworks";
				PRODUCT_NAME = "$(TARGET_NAME)";
				TEST_HOST = "$(BUILT_PRODUCTS_DIR)/TextYourMom.app/TextYourMom";
			};
			name = Release;
		};
/* End XCBuildConfiguration section */

/* Begin XCConfigurationList section */
		D6269F8F19F465EF00BE7A30 /* Build configuration list for PBXProject "TextYourMom" */ = {
			isa = XCConfigurationList;
			buildConfigurations = (
				D6269FB119F465EF00BE7A30 /* Debug */,
				D6269FB219F465EF00BE7A30 /* Release */,
			);
			defaultConfigurationIsVisible = 0;
			defaultConfigurationName = Release;
		};
		D6269FB319F465EF00BE7A30 /* Build configuration list for PBXNativeTarget "TextYourMom" */ = {
			isa = XCConfigurationList;
			buildConfigurations = (
				D6269FB419F465EF00BE7A30 /* Debug */,
				D6269FB519F465EF00BE7A30 /* Release */,
			);
			defaultConfigurationIsVisible = 0;
			defaultConfigurationName = Release;
		};
		D6269FB619F465EF00BE7A30 /* Build configuration list for PBXNativeTarget "TextYourMomTests" */ = {
			isa = XCConfigurationList;
			buildConfigurations = (
				D6269FB719F465EF00BE7A30 /* Debug */,
				D6269FB819F465EF00BE7A30 /* Release */,
			);
			defaultConfigurationIsVisible = 0;
			defaultConfigurationName = Release;
		};
/* End XCConfigurationList section */
	};
	rootObject = D6269F8C19F465EF00BE7A30 /* Project object */;
}
